
Microsoft Visual Studio Solution File, Format Version 12.00
# Visual Studio 15
VisualStudioVersion = 15.0.27130.2010
MinimumVisualStudioVersion = 10.0.40219.1
Project("{FAE04EC0-301F-11D3-BF4B-00C04F79EFBC}") = "ClientServer", "ClientServer\ClientServer.csproj", "{3E24CBF1-4529-44DC-BE2D-4ADE023954A9}"
EndProject
Project("{FAE04EC0-301F-11D3-BF4B-00C04F79EFBC}") = "UDP", "UDP_Server\UDP.csproj", "{42335241-EEDA-4386-B25F-F6CCBE8E4356}"
EndProject
Project("{FAE04EC0-301F-11D3-BF4B-00C04F79EFBC}") = "FTP", "FTP_UI\FTP.csproj", "{0BF5D4D1-A6AF-47F2-A3A6-A0F7EC54995D}"
EndProject
Global
	GlobalSection(SolutionConfigurationPlatforms) = preSolution
		Debug|Any CPU = Debug|Any CPU
		Debug|x64 = Debug|x64
		Debug|x86 = Debug|x86
		Release|Any CPU = Release|Any CPU
		Release|x64 = Release|x64
		Release|x86 = Release|x86
	EndGlobalSection
	GlobalSection(ProjectConfigurationPlatforms) = postSolution
		{3E24CBF1-4529-44DC-BE2D-4ADE023954A9}.Debug|Any CPU.ActiveCfg = Debug|Any CPU
		{3E24CBF1-4529-44DC-BE2D-4ADE023954A9}.Debug|Any CPU.Build.0 = Debug|Any CPU
		{3E24CBF1-4529-44DC-BE2D-4ADE023954A9}.Debug|x64.ActiveCfg = Debug|Any CPU
		{3E24CBF1-4529-44DC-BE2D-4ADE023954A9}.Debug|x64.Build.0 = Debug|Any CPU
		{3E24CBF1-4529-44DC-BE2D-4ADE023954A9}.Debug|x86.ActiveCfg = Debug|Any CPU
		{3E24CBF1-4529-44DC-BE2D-4ADE023954A9}.Debug|x86.Build.0 = Debug|Any CPU
		{3E24CBF1-4529-44DC-BE2D-4ADE023954A9}.Release|Any CPU.ActiveCfg = Release|Any CPU
		{3E24CBF1-4529-44DC-BE2D-4ADE023954A9}.Release|Any CPU.Build.0 = Release|Any CPU
		{3E24CBF1-4529-44DC-BE2D-4ADE023954A9}.Release|x64.ActiveCfg = Release|Any CPU
		{3E24CBF1-4529-44DC-BE2D-4ADE023954A9}.Release|x64.Build.0 = Release|Any CPU
		{3E24CBF1-4529-44DC-BE2D-4ADE023954A9}.Release|x86.ActiveCfg = Release|Any CPU
		{3E24CBF1-4529-44DC-BE2D-4ADE023954A9}.Release|x86.Build.0 = Release|Any CPU
		{42335241-EEDA-4386-B25F-F6CCBE8E4356}.Debug|Any CPU.ActiveCfg = Debug|Any CPU
		{42335241-EEDA-4386-B25F-F6CCBE8E4356}.Debug|Any CPU.Build.0 = Debug|Any CPU
		{42335241-EEDA-4386-B25F-F6CCBE8E4356}.Debug|x64.ActiveCfg = Debug|Any CPU
		{42335241-EEDA-4386-B25F-F6CCBE8E4356}.Debug|x64.Build.0 = Debug|Any CPU
		{42335241-EEDA-4386-B25F-F6CCBE8E4356}.Debug|x86.ActiveCfg = Debug|Any CPU
		{42335241-EEDA-4386-B25F-F6CCBE8E4356}.Debug|x86.Build.0 = Debug|Any CPU
		{42335241-EEDA-4386-B25F-F6CCBE8E4356}.Release|Any CPU.ActiveCfg = Release|Any CPU
		{42335241-EEDA-4386-B25F-F6CCBE8E4356}.Release|Any CPU.Build.0 = Release|Any CPU
		{42335241-EEDA-4386-B25F-F6CCBE8E4356}.Release|x64.ActiveCfg = Release|Any CPU
		{42335241-EEDA-4386-B25F-F6CCBE8E4356}.Release|x64.Build.0 = Release|Any CPU
		{42335241-EEDA-4386-B25F-F6CCBE8E4356}.Release|x86.ActiveCfg = Release|Any CPU
		{42335241-EEDA-4386-B25F-F6CCBE8E4356}.Release|x86.Build.0 = Release|Any CPU
		{0BF5D4D1-A6AF-47F2-A3A6-A0F7EC54995D}.Debug|Any CPU.ActiveCfg = Debug|Any CPU
		{0BF5D4D1-A6AF-47F2-A3A6-A0F7EC54995D}.Debug|Any CPU.Build.0 = Debug|Any CPU
		{0BF5D4D1-A6AF-47F2-A3A6-A0F7EC54995D}.Debug|x64.ActiveCfg = Debug|Any CPU
		{0BF5D4D1-A6AF-47F2-A3A6-A0F7EC54995D}.Debug|x64.Build.0 = Debug|Any CPU
		{0BF5D4D1-A6AF-47F2-A3A6-A0F7EC54995D}.Debug|x86.ActiveCfg = Debug|Any CPU
		{0BF5D4D1-A6AF-47F2-A3A6-A0F7EC54995D}.Debug|x86.Build.0 = Debug|Any CPU
		{0BF5D4D1-A6AF-47F2-A3A6-A0F7EC54995D}.Release|Any CPU.ActiveCfg = Release|Any CPU
		{0BF5D4D1-A6AF-47F2-A3A6-A0F7EC54995D}.Release|Any CPU.Build.0 = Release|Any CPU
		{0BF5D4D1-A6AF-47F2-A3A6-A0F7EC54995D}.Release|x64.ActiveCfg = Release|Any CPU
		{0BF5D4D1-A6AF-47F2-A3A6-A0F7EC54995D}.Release|x64.Build.0 = Release|Any CPU
		{0BF5D4D1-A6AF-47F2-A3A6-A0F7EC54995D}.Release|x86.ActiveCfg = Release|Any CPU
		{0BF5D4D1-A6AF-47F2-A3A6-A0F7EC54995D}.Release|x86.Build.0 = Release|Any CPU
	EndGlobalSection
	GlobalSection(SolutionProperties) = preSolution
		HideSolutionNode = FALSE
	EndGlobalSection
	GlobalSection(ExtensibilityGlobals) = postSolution
		SolutionGuid = {3543E4D5-BC30-4E6E-88C9-E4E722AFC6CC}
	EndGlobalSection
EndGlobal
